<Solution>
  <Configurations>
    <Platform Name="Any CPU" />
  </Configurations>
  <Folder Name="/Solution Items/">
    <File Path=".editorconfig" />
  </Folder>
  <Folder Name="/src/">
    <Project Path="src/Actors.Wcf/Microsoft.ServiceFabric.Actors.Wcf.csproj" />
    <Project Path="src/Actors/Microsoft.ServiceFabric.Actors.csproj" />
    <Project Path="src/AspNetCore.Configuration/Microsoft.ServiceFabric.AspNetCore.Configuration.csproj" />
    <Project Path="src/AspNetCore.HttpSys/Microsoft.ServiceFabric.AspNetCore.HttpSys.csproj" />
    <Project Path="src/AspNetCore.Kestrel/Microsoft.ServiceFabric.AspNetCore.Kestrel.csproj" />
    <Project Path="src/AspNetCore/Microsoft.ServiceFabric.AspNetCore.csproj" />
    <Project Path="src/Client.Http/Microsoft.ServiceFabric.Client.Http.csproj" />
    <Project Path="src/Constants/Microsoft.ServiceFabric.Constants.csproj" />
    <Project Path="src/Data.Interfaces.V2/Microsoft.ServiceFabric.Data.Interfaces.V2.csproj" />
    <Project Path="src/Data.Interfaces/Microsoft.ServiceFabric.Data.Interfaces.csproj" />
    <Project Path="src/Data/Microsoft.ServiceFabric.Data.csproj" />
    <Project Path="src/Diagnostics/Microsoft.ServiceFabric.Diagnostics.csproj" />
    <Project Path="src/FabActUtil/FabActUtil.csproj" />
    <Project Path="src/FabricTransport/Microsoft.ServiceFabric.FabricTransport.csproj" />
    <Project Path="src/Powershell.Http/Microsoft.ServiceFabric.Powershell.Http.csproj" />
    <Project Path="src/Services.Remoting/Microsoft.ServiceFabric.Services.Remoting.csproj" />
    <Project Path="src/Services.Wcf/Microsoft.ServiceFabric.Services.Wcf.csproj" />
    <Project Path="src/Services/Microsoft.ServiceFabric.Services.csproj" />
  </Folder>
  <Folder Name="/test/">
    <Project Path="test/Actors.Integration/Microsoft.ServiceFabric.Actors.IntegrationTests.csproj" />
    <Project Path="test/Actors.Wcf/Microsoft.ServiceFabric.Actors.Wcf.Tests.csproj" />
    <Project Path="test/Actors/Microsoft.ServiceFabric.Actors.Tests.csproj" />
    <Project Path="test/AspNetCore/Microsoft.ServiceFabric.AspNetCore.Tests.csproj" />
    <Project Path="test/Data.Interfaces.V2/Microsoft.ServiceFabric.Data.Interfaces.V2.Tests.csproj" />
    <Project Path="test/Data.Interfaces/Microsoft.ServiceFabric.Data.Interfaces.Tests.csproj" />
    <Project Path="test/Data/Microsoft.ServiceFabric.Data.Tests.csproj" />
    <Project Path="test/Diagnostics/Microsoft.ServiceFabric.Diagnostics.Tests.csproj" />
    <Project Path="test/FabricTransport/Microsoft.ServiceFabric.FabricTransport.Tests.csproj" />
    <Project Path="test/Services.Remoting/Microsoft.ServiceFabric.Services.Remoting.Tests.csproj" />
    <Project Path="test/Services.Wcf/Microsoft.ServiceFabric.Services.Wcf.Tests.csproj" />
    <Project Path="test/Services/Microsoft.ServiceFabric.Services.Tests.csproj" />
    <Project Path="test/TestFramework/Microsoft.ServiceFabric.TestFramework.csproj" />
  </Folder>
</Solution>
