
Microsoft Visual Studio Solution File, Format Version 12.00
# Visual Studio 15
VisualStudioVersion = 15.0.26403.0
MinimumVisualStudioVersion = 10.0.40219.1
Project("{FAE04EC0-301F-11D3-BF4B-00C04F79EFBC}") = "Microsoft.ServiceFabric.Actors", "Microsoft.ServiceFabric.Actors.csproj", "{014D5847-39F5-4660-B385-82EDFBA06CD9}"
EndProject
Project("{FAE04EC0-301F-11D3-BF4B-00C04F79EFBC}") = "Microsoft.ServiceFabric.Services", "..\Microsoft.ServiceFabric.Services\Microsoft.ServiceFabric.Services.csproj", "{F416C4C3-250D-48F3-822C-1C589E8F851C}"
EndProject
Project("{FAE04EC0-301F-11D3-BF4B-00C04F79EFBC}") = "Microsoft.ServiceFabric.Services.Remoting", "..\Microsoft.ServiceFabric.Services.Remoting\Microsoft.ServiceFabric.Services.Remoting.csproj", "{A01358E6-D5E1-44B5-948A-45709D2421A5}"
EndProject
Project("{FAE04EC0-301F-11D3-BF4B-00C04F79EFBC}") = "Microsoft.ServiceFabric.Actors.Tests", "..\Microsoft.ServiceFabric.Actors.Tests\Microsoft.ServiceFabric.Actors.Tests.csproj", "{E3EB79DB-178E-45CF-B013-A89BB513A1C1}"
EndProject
Project("{FAE04EC0-301F-11D3-BF4B-00C04F79EFBC}") = "Microsoft.ServiceFabric.Services.Tests", "..\Microsoft.ServiceFabric.Services.Tests\Microsoft.ServiceFabric.Services.Tests.csproj", "{3239A835-EAD0-42AE-8245-FD3397ECCF47}"
EndProject
Project("{FAE04EC0-301F-11D3-BF4B-00C04F79EFBC}") = "Microsoft.ServiceFabric.Services.Remoting.Tests", "..\Microsoft.ServiceFabric.Services.Remoting.Tests\Microsoft.ServiceFabric.Services.Remoting.Tests.csproj", "{B52FB9DE-4B75-4CAB-BBE0-397D26A91D9A}"
EndProject
Global
	GlobalSection(SolutionConfigurationPlatforms) = preSolution
		Debug|Any CPU = Debug|Any CPU
		Debug|x64 = Debug|x64
		Release|Any CPU = Release|Any CPU
		Release|x64 = Release|x64
	EndGlobalSection
	GlobalSection(ProjectConfigurationPlatforms) = postSolution
		{014D5847-39F5-4660-B385-82EDFBA06CD9}.Debug|Any CPU.ActiveCfg = Debug|x64
		{014D5847-39F5-4660-B385-82EDFBA06CD9}.Debug|x64.ActiveCfg = Debug|x64
		{014D5847-39F5-4660-B385-82EDFBA06CD9}.Debug|x64.Build.0 = Debug|x64
		{014D5847-39F5-4660-B385-82EDFBA06CD9}.Release|Any CPU.ActiveCfg = Release|x64
		{014D5847-39F5-4660-B385-82EDFBA06CD9}.Release|x64.ActiveCfg = Release|x64
		{014D5847-39F5-4660-B385-82EDFBA06CD9}.Release|x64.Build.0 = Release|x64
		{F416C4C3-250D-48F3-822C-1C589E8F851C}.Debug|Any CPU.ActiveCfg = Debug|x64
		{F416C4C3-250D-48F3-822C-1C589E8F851C}.Debug|x64.ActiveCfg = Debug|x64
		{F416C4C3-250D-48F3-822C-1C589E8F851C}.Debug|x64.Build.0 = Debug|x64
		{F416C4C3-250D-48F3-822C-1C589E8F851C}.Release|Any CPU.ActiveCfg = Release|x64
		{F416C4C3-250D-48F3-822C-1C589E8F851C}.Release|x64.ActiveCfg = Release|x64
		{F416C4C3-250D-48F3-822C-1C589E8F851C}.Release|x64.Build.0 = Release|x64
		{A01358E6-D5E1-44B5-948A-45709D2421A5}.Debug|Any CPU.ActiveCfg = Debug|x64
		{A01358E6-D5E1-44B5-948A-45709D2421A5}.Debug|x64.ActiveCfg = Debug|x64
		{A01358E6-D5E1-44B5-948A-45709D2421A5}.Debug|x64.Build.0 = Debug|x64
		{A01358E6-D5E1-44B5-948A-45709D2421A5}.Release|Any CPU.ActiveCfg = Release|x64
		{A01358E6-D5E1-44B5-948A-45709D2421A5}.Release|x64.ActiveCfg = Release|x64
		{A01358E6-D5E1-44B5-948A-45709D2421A5}.Release|x64.Build.0 = Release|x64
		{E3EB79DB-178E-45CF-B013-A89BB513A1C1}.Debug|Any CPU.ActiveCfg = Debug|Any CPU
		{E3EB79DB-178E-45CF-B013-A89BB513A1C1}.Debug|Any CPU.Build.0 = Debug|Any CPU
		{E3EB79DB-178E-45CF-B013-A89BB513A1C1}.Debug|x64.ActiveCfg = Debug|Any CPU
		{E3EB79DB-178E-45CF-B013-A89BB513A1C1}.Debug|x64.Build.0 = Debug|Any CPU
		{E3EB79DB-178E-45CF-B013-A89BB513A1C1}.Release|Any CPU.ActiveCfg = Release|Any CPU
		{E3EB79DB-178E-45CF-B013-A89BB513A1C1}.Release|Any CPU.Build.0 = Release|Any CPU
		{E3EB79DB-178E-45CF-B013-A89BB513A1C1}.Release|x64.ActiveCfg = Release|Any CPU
		{E3EB79DB-178E-45CF-B013-A89BB513A1C1}.Release|x64.Build.0 = Release|Any CPU
		{3239A835-EAD0-42AE-8245-FD3397ECCF47}.Debug|Any CPU.ActiveCfg = Debug|Any CPU
		{3239A835-EAD0-42AE-8245-FD3397ECCF47}.Debug|Any CPU.Build.0 = Debug|Any CPU
		{3239A835-EAD0-42AE-8245-FD3397ECCF47}.Debug|x64.ActiveCfg = Debug|Any CPU
		{3239A835-EAD0-42AE-8245-FD3397ECCF47}.Debug|x64.Build.0 = Debug|Any CPU
		{3239A835-EAD0-42AE-8245-FD3397ECCF47}.Release|Any CPU.ActiveCfg = Release|Any CPU
		{3239A835-EAD0-42AE-8245-FD3397ECCF47}.Release|Any CPU.Build.0 = Release|Any CPU
		{3239A835-EAD0-42AE-8245-FD3397ECCF47}.Release|x64.ActiveCfg = Release|Any CPU
		{3239A835-EAD0-42AE-8245-FD3397ECCF47}.Release|x64.Build.0 = Release|Any CPU
		{B52FB9DE-4B75-4CAB-BBE0-397D26A91D9A}.Debug|Any CPU.ActiveCfg = Debug|Any CPU
		{B52FB9DE-4B75-4CAB-BBE0-397D26A91D9A}.Debug|Any CPU.Build.0 = Debug|Any CPU
		{B52FB9DE-4B75-4CAB-BBE0-397D26A91D9A}.Debug|x64.ActiveCfg = Debug|Any CPU
		{B52FB9DE-4B75-4CAB-BBE0-397D26A91D9A}.Debug|x64.Build.0 = Debug|Any CPU
		{B52FB9DE-4B75-4CAB-BBE0-397D26A91D9A}.Release|Any CPU.ActiveCfg = Release|Any CPU
		{B52FB9DE-4B75-4CAB-BBE0-397D26A91D9A}.Release|Any CPU.Build.0 = Release|Any CPU
		{B52FB9DE-4B75-4CAB-BBE0-397D26A91D9A}.Release|x64.ActiveCfg = Release|Any CPU
		{B52FB9DE-4B75-4CAB-BBE0-397D26A91D9A}.Release|x64.Build.0 = Release|Any CPU
	EndGlobalSection
	GlobalSection(SolutionProperties) = preSolution
		HideSolutionNode = FALSE
	EndGlobalSection
EndGlobal
