
Microsoft Visual Studio Solution File, Format Version 12.00
# Visual Studio 14
VisualStudioVersion = 14.0.25420.1
MinimumVisualStudioVersion = 10.0.40219.1
Project("{FAE04EC0-301F-11D3-BF4B-00C04F79EFBC}") = "Microsoft.ServiceFabric.Actors", "Microsoft.ServiceFabric.Actors.csproj", "{014D5847-39F5-4660-B385-82EDFBA06CD9}"
EndProject
Project("{FAE04EC0-301F-11D3-BF4B-00C04F79EFBC}") = "Microsoft.ServiceFabric.Services", "..\Microsoft.ServiceFabric.Services\Microsoft.ServiceFabric.Services.csproj", "{F416C4C3-250D-48F3-822C-1C589E8F851C}"
EndProject
Project("{FAE04EC0-301F-11D3-BF4B-00C04F79EFBC}") = "Microsoft.ServiceFabric.Services.Remoting", "..\Microsoft.ServiceFabric.Services.Remoting\Microsoft.ServiceFabric.Services.Remoting.csproj", "{A01358E6-D5E1-44B5-948A-45709D2421A5}"
EndProject
Project("{FAE04EC0-301F-11D3-BF4B-00C04F79EFBC}") = "Microsoft.ServiceFabric.Actors.Tests", "..\test\unittests\Microsoft.ServiceFabric.Actors.Tests\Microsoft.ServiceFabric.Actors.Tests.csproj", "{63B58D31-66BB-4879-B4F1-0969FA3F4464}"
EndProject
Global
	GlobalSection(SolutionConfigurationPlatforms) = preSolution
		Debug|x64 = Debug|x64
		Release|x64 = Release|x64
	EndGlobalSection
	GlobalSection(ProjectConfigurationPlatforms) = postSolution
		{014D5847-39F5-4660-B385-82EDFBA06CD9}.Debug|x64.ActiveCfg = Debug|x64
		{014D5847-39F5-4660-B385-82EDFBA06CD9}.Debug|x64.Build.0 = Debug|x64
		{014D5847-39F5-4660-B385-82EDFBA06CD9}.Release|x64.ActiveCfg = Release|x64
		{014D5847-39F5-4660-B385-82EDFBA06CD9}.Release|x64.Build.0 = Release|x64
		{F416C4C3-250D-48F3-822C-1C589E8F851C}.Debug|x64.ActiveCfg = Debug|x64
		{F416C4C3-250D-48F3-822C-1C589E8F851C}.Debug|x64.Build.0 = Debug|x64
		{F416C4C3-250D-48F3-822C-1C589E8F851C}.Release|x64.ActiveCfg = Release|x64
		{F416C4C3-250D-48F3-822C-1C589E8F851C}.Release|x64.Build.0 = Release|x64
		{A01358E6-D5E1-44B5-948A-45709D2421A5}.Debug|x64.ActiveCfg = Debug|x64
		{A01358E6-D5E1-44B5-948A-45709D2421A5}.Debug|x64.Build.0 = Debug|x64
		{A01358E6-D5E1-44B5-948A-45709D2421A5}.Release|x64.ActiveCfg = Release|x64
		{A01358E6-D5E1-44B5-948A-45709D2421A5}.Release|x64.Build.0 = Release|x64
		{63B58D31-66BB-4879-B4F1-0969FA3F4464}.Debug|x64.ActiveCfg = Debug|x64
		{63B58D31-66BB-4879-B4F1-0969FA3F4464}.Debug|x64.Build.0 = Debug|x64
		{63B58D31-66BB-4879-B4F1-0969FA3F4464}.Release|x64.ActiveCfg = Debug|x64
	EndGlobalSection
	GlobalSection(SolutionProperties) = preSolution
		HideSolutionNode = FALSE
	EndGlobalSection
EndGlobal
