
Microsoft Visual Studio Solution File, Format Version 12.00
# Visual Studio 15
VisualStudioVersion = 15.0.27703.2047
MinimumVisualStudioVersion = 10.0.40219.1
Project("{9B56FCB0-63B4-404F-8A09-42EF52B53347}") = "SFMeshApp", "SFMeshApp\SFMeshApp.sfaproj", "{B06F30E5-0252-4E2C-9365-A36C8A78BBFE}"
EndProject
Project("{9A19103F-16F7-4668-BE54-9A1E7A4F7556}") = "Console1", "Console1\Console1.csproj", "{831C7EC7-C047-440A-8D4F-D34A3D3B1C49}"
EndProject
Global
	GlobalSection(SolutionConfigurationPlatforms) = preSolution
		Debug|Any CPU = Debug|Any CPU
		Debug|x64 = Debug|x64
		Release|Any CPU = Release|Any CPU
		Release|x64 = Release|x64
	EndGlobalSection
	GlobalSection(ProjectConfigurationPlatforms) = postSolution
		{B06F30E5-0252-4E2C-9365-A36C8A78BBFE}.Debug|Any CPU.ActiveCfg = Debug|Any CPU
		{B06F30E5-0252-4E2C-9365-A36C8A78BBFE}.Debug|Any CPU.Build.0 = Debug|Any CPU
		{B06F30E5-0252-4E2C-9365-A36C8A78BBFE}.Debug|x64.ActiveCfg = Debug|x64
		{B06F30E5-0252-4E2C-9365-A36C8A78BBFE}.Debug|x64.Build.0 = Debug|x64
		{B06F30E5-0252-4E2C-9365-A36C8A78BBFE}.Release|Any CPU.ActiveCfg = Release|Any CPU
		{B06F30E5-0252-4E2C-9365-A36C8A78BBFE}.Release|Any CPU.Build.0 = Release|Any CPU
		{B06F30E5-0252-4E2C-9365-A36C8A78BBFE}.Release|x64.ActiveCfg = Release|x64
		{B06F30E5-0252-4E2C-9365-A36C8A78BBFE}.Release|x64.Build.0 = Release|x64
		{831C7EC7-C047-440A-8D4F-D34A3D3B1C49}.Debug|Any CPU.ActiveCfg = Debug|Any CPU
		{831C7EC7-C047-440A-8D4F-D34A3D3B1C49}.Debug|Any CPU.Build.0 = Debug|Any CPU
		{831C7EC7-C047-440A-8D4F-D34A3D3B1C49}.Debug|x64.ActiveCfg = Debug|x64
		{831C7EC7-C047-440A-8D4F-D34A3D3B1C49}.Debug|x64.Build.0 = Debug|x64
		{831C7EC7-C047-440A-8D4F-D34A3D3B1C49}.Release|Any CPU.ActiveCfg = Release|Any CPU
		{831C7EC7-C047-440A-8D4F-D34A3D3B1C49}.Release|Any CPU.Build.0 = Release|Any CPU
		{831C7EC7-C047-440A-8D4F-D34A3D3B1C49}.Release|x64.ActiveCfg = Release|x64
		{831C7EC7-C047-440A-8D4F-D34A3D3B1C49}.Release|x64.Build.0 = Release|x64
	EndGlobalSection
	GlobalSection(SolutionProperties) = preSolution
		HideSolutionNode = FALSE
	EndGlobalSection
	GlobalSection(ExtensibilityGlobals) = postSolution
		SolutionGuid = {4D7BA91B-6281-4B5B-891A-F67130A04931}
	EndGlobalSection
EndGlobal
