
Microsoft Visual Studio Solution File, Format Version 12.00
# Visual Studio 15
VisualStudioVersion = 15.0.27130.2027
MinimumVisualStudioVersion = 10.0.40219.1
Project("{9A19103F-16F7-4668-BE54-9A1E7A4F7556}") = "Microsoft.ServiceFabric.Actors.Tests", "Microsoft.ServiceFabric.Actors.Tests\Microsoft.ServiceFabric.Actors.Tests.csproj", "{63B58D31-66BB-4879-B4F1-0969FA3F4464}"
EndProject
Project("{9A19103F-16F7-4668-BE54-9A1E7A4F7556}") = "Microsoft.ServiceFabric.Services.Remoting.Tests", "Microsoft.ServiceFabric.Services.Remoting.Tests\Microsoft.ServiceFabric.Services.Remoting.Tests.csproj", "{AE4034AC-27BC-43B8-9176-068B4794E25E}"
EndProject
Project("{9A19103F-16F7-4668-BE54-9A1E7A4F7556}") = "Microsoft.ServiceFabric.Services.Tests", "Microsoft.ServiceFabric.Services.Tests\Microsoft.ServiceFabric.Services.Tests.csproj", "{ECB3825D-B309-4C76-A20D-76544459F611}"
EndProject
Project("{9A19103F-16F7-4668-BE54-9A1E7A4F7556}") = "Microsoft.ServiceFabric.Actors", "..\..\src\Microsoft.ServiceFabric.Actors\Microsoft.ServiceFabric.Actors.csproj", "{014D5847-39F5-4660-B385-82EDFBA06CD9}"
EndProject
Project("{9A19103F-16F7-4668-BE54-9A1E7A4F7556}") = "Microsoft.ServiceFabric.Services", "..\..\src\Microsoft.ServiceFabric.Services\Microsoft.ServiceFabric.Services.csproj", "{F416C4C3-250D-48F3-822C-1C589E8F851C}"
EndProject
Project("{9A19103F-16F7-4668-BE54-9A1E7A4F7556}") = "Microsoft.ServiceFabric.Services.Remoting", "..\..\src\Microsoft.ServiceFabric.Services.Remoting\Microsoft.ServiceFabric.Services.Remoting.csproj", "{A01358E6-D5E1-44B5-948A-45709D2421A5}"
EndProject
Project("{2150E333-8FDC-42A3-9474-1A3956D46DE8}") = "Prod", "Prod", "{5E3EE3C9-C1C1-443B-86F3-357BF7E61CA1}"
EndProject
Project("{2150E333-8FDC-42A3-9474-1A3956D46DE8}") = "UnitTests", "UnitTests", "{26DBBC73-BAC5-445C-B5D0-B94D61115F2B}"
EndProject
Global
	GlobalSection(SolutionConfigurationPlatforms) = preSolution
		Debug|x64 = Debug|x64
		Release|x64 = Release|x64
	EndGlobalSection
	GlobalSection(ProjectConfigurationPlatforms) = postSolution
		{63B58D31-66BB-4879-B4F1-0969FA3F4464}.Debug|x64.ActiveCfg = Debug|x64
		{63B58D31-66BB-4879-B4F1-0969FA3F4464}.Debug|x64.Build.0 = Debug|x64
		{63B58D31-66BB-4879-B4F1-0969FA3F4464}.Release|x64.ActiveCfg = Release|x64
		{63B58D31-66BB-4879-B4F1-0969FA3F4464}.Release|x64.Build.0 = Release|x64
		{AE4034AC-27BC-43B8-9176-068B4794E25E}.Debug|x64.ActiveCfg = Debug|x64
		{AE4034AC-27BC-43B8-9176-068B4794E25E}.Debug|x64.Build.0 = Debug|x64
		{AE4034AC-27BC-43B8-9176-068B4794E25E}.Release|x64.ActiveCfg = Release|x64
		{AE4034AC-27BC-43B8-9176-068B4794E25E}.Release|x64.Build.0 = Release|x64
		{ECB3825D-B309-4C76-A20D-76544459F611}.Debug|x64.ActiveCfg = Debug|x64
		{ECB3825D-B309-4C76-A20D-76544459F611}.Debug|x64.Build.0 = Debug|x64
		{ECB3825D-B309-4C76-A20D-76544459F611}.Release|x64.ActiveCfg = Release|x64
		{ECB3825D-B309-4C76-A20D-76544459F611}.Release|x64.Build.0 = Release|x64
		{014D5847-39F5-4660-B385-82EDFBA06CD9}.Debug|x64.ActiveCfg = Debug|x64
		{014D5847-39F5-4660-B385-82EDFBA06CD9}.Debug|x64.Build.0 = Debug|x64
		{014D5847-39F5-4660-B385-82EDFBA06CD9}.Release|x64.ActiveCfg = Release|x64
		{014D5847-39F5-4660-B385-82EDFBA06CD9}.Release|x64.Build.0 = Release|x64
		{F416C4C3-250D-48F3-822C-1C589E8F851C}.Debug|x64.ActiveCfg = Debug|x64
		{F416C4C3-250D-48F3-822C-1C589E8F851C}.Debug|x64.Build.0 = Debug|x64
		{F416C4C3-250D-48F3-822C-1C589E8F851C}.Release|x64.ActiveCfg = Release|x64
		{F416C4C3-250D-48F3-822C-1C589E8F851C}.Release|x64.Build.0 = Release|x64
		{A01358E6-D5E1-44B5-948A-45709D2421A5}.Debug|x64.ActiveCfg = Debug|x64
		{A01358E6-D5E1-44B5-948A-45709D2421A5}.Debug|x64.Build.0 = Debug|x64
		{A01358E6-D5E1-44B5-948A-45709D2421A5}.Release|x64.ActiveCfg = Release|x64
		{A01358E6-D5E1-44B5-948A-45709D2421A5}.Release|x64.Build.0 = Release|x64
	EndGlobalSection
	GlobalSection(SolutionProperties) = preSolution
		HideSolutionNode = FALSE
	EndGlobalSection
	GlobalSection(NestedProjects) = preSolution
		{63B58D31-66BB-4879-B4F1-0969FA3F4464} = {26DBBC73-BAC5-445C-B5D0-B94D61115F2B}
		{AE4034AC-27BC-43B8-9176-068B4794E25E} = {26DBBC73-BAC5-445C-B5D0-B94D61115F2B}
		{ECB3825D-B309-4C76-A20D-76544459F611} = {26DBBC73-BAC5-445C-B5D0-B94D61115F2B}
		{014D5847-39F5-4660-B385-82EDFBA06CD9} = {5E3EE3C9-C1C1-443B-86F3-357BF7E61CA1}
		{F416C4C3-250D-48F3-822C-1C589E8F851C} = {5E3EE3C9-C1C1-443B-86F3-357BF7E61CA1}
		{A01358E6-D5E1-44B5-948A-45709D2421A5} = {5E3EE3C9-C1C1-443B-86F3-357BF7E61CA1}
	EndGlobalSection
	GlobalSection(ExtensibilityGlobals) = postSolution
		SolutionGuid = {38EAFD38-C9A3-4504-AE19-507F3223E6BF}
	EndGlobalSection
EndGlobal
