
Microsoft Visual Studio Solution File, Format Version 12.00
# Visual Studio 15
VisualStudioVersion = 15.0.27130.2027
MinimumVisualStudioVersion = 10.0.40219.1
Project("{9A19103F-16F7-4668-BE54-9A1E7A4F7556}") = "Microsoft.ServiceFabric.Services", "Microsoft.ServiceFabric.Services\Microsoft.ServiceFabric.Services.csproj", "{F416C4C3-250D-48F3-822C-1C589E8F851C}"
EndProject
Project("{9A19103F-16F7-4668-BE54-9A1E7A4F7556}") = "Microsoft.ServiceFabric.Services.Remoting", "Microsoft.ServiceFabric.Services.Remoting\Microsoft.ServiceFabric.Services.Remoting.csproj", "{A01358E6-D5E1-44B5-948A-45709D2421A5}"
EndProject
Project("{9A19103F-16F7-4668-BE54-9A1E7A4F7556}") = "Microsoft.ServiceFabric.Services.Wcf", "Microsoft.ServiceFabric.Services.Wcf\Microsoft.ServiceFabric.Services.Wcf.csproj", "{4ED5DBAD-F3AB-4818-A8ED-48809D2D01E8}"
EndProject
Project("{9A19103F-16F7-4668-BE54-9A1E7A4F7556}") = "Microsoft.ServiceFabric.Actors", "Microsoft.ServiceFabric.Actors\Microsoft.ServiceFabric.Actors.csproj", "{014D5847-39F5-4660-B385-82EDFBA06CD9}"
EndProject
Project("{9A19103F-16F7-4668-BE54-9A1E7A4F7556}") = "Microsoft.ServiceFabric.Actors.Wcf", "Microsoft.ServiceFabric.Actors.Wcf\Microsoft.ServiceFabric.Actors.Wcf.csproj", "{BA2E8FE4-2970-40D4-BA55-5415E84C7B50}"
EndProject
Project("{9A19103F-16F7-4668-BE54-9A1E7A4F7556}") = "FabActUtil", "FabActUtil\FabActUtil.csproj", "{F6E091C3-9136-4058-91CF-57CDF383DF74}"
EndProject
Project("{9A19103F-16F7-4668-BE54-9A1E7A4F7556}") = "Microsoft.ServiceFabric.Services_netcore", "netcore\Microsoft.ServiceFabric.Services\Microsoft.ServiceFabric.Services_netcore.csproj", "{E93A1CC5-C164-4C4D-8314-A35B4B3AF633}"
EndProject
Project("{9A19103F-16F7-4668-BE54-9A1E7A4F7556}") = "Microsoft.ServiceFabric.Services.Remoting_netcore", "netcore\Microsoft.ServiceFabric.Services.Remoting\Microsoft.ServiceFabric.Services.Remoting_netcore.csproj", "{C6FF32EC-DCB6-4684-ACB5-4D8A9B6BB590}"
EndProject
Project("{9A19103F-16F7-4668-BE54-9A1E7A4F7556}") = "Microsoft.ServiceFabric.Actors_netcore", "netcore\Microsoft.ServiceFabric.Actors\Microsoft.ServiceFabric.Actors_netcore.csproj", "{997C67FC-4571-4DAC-8C2F-9BB62756AFFA}"
EndProject
Project("{9A19103F-16F7-4668-BE54-9A1E7A4F7556}") = "FabActUtil_netcore", "netcore\FabActUtil\FabActUtil_netcore.csproj", "{BD88FA2D-1F61-4107-8113-8D78FB5697F3}"
EndProject
Project("{2150E333-8FDC-42A3-9474-1A3956D46DE8}") = "dotnetframework", "dotnetframework", "{861D6F40-D3CE-46CF-B8AD-0215B9F38BE1}"
EndProject
Project("{2150E333-8FDC-42A3-9474-1A3956D46DE8}") = "dotnetcore", "dotnetcore", "{8B80B63B-5107-4845-9F19-647CFA7911A3}"
EndProject
Global
	GlobalSection(SolutionConfigurationPlatforms) = preSolution
		Debug|x64 = Debug|x64
		Release|x64 = Release|x64
	EndGlobalSection
	GlobalSection(ProjectConfigurationPlatforms) = postSolution
		{F416C4C3-250D-48F3-822C-1C589E8F851C}.Debug|x64.ActiveCfg = Debug|x64
		{F416C4C3-250D-48F3-822C-1C589E8F851C}.Debug|x64.Build.0 = Debug|x64
		{F416C4C3-250D-48F3-822C-1C589E8F851C}.Release|x64.ActiveCfg = Release|x64
		{F416C4C3-250D-48F3-822C-1C589E8F851C}.Release|x64.Build.0 = Release|x64
		{A01358E6-D5E1-44B5-948A-45709D2421A5}.Debug|x64.ActiveCfg = Debug|x64
		{A01358E6-D5E1-44B5-948A-45709D2421A5}.Debug|x64.Build.0 = Debug|x64
		{A01358E6-D5E1-44B5-948A-45709D2421A5}.Release|x64.ActiveCfg = Release|x64
		{A01358E6-D5E1-44B5-948A-45709D2421A5}.Release|x64.Build.0 = Release|x64
		{4ED5DBAD-F3AB-4818-A8ED-48809D2D01E8}.Debug|x64.ActiveCfg = Debug|x64
		{4ED5DBAD-F3AB-4818-A8ED-48809D2D01E8}.Debug|x64.Build.0 = Debug|x64
		{4ED5DBAD-F3AB-4818-A8ED-48809D2D01E8}.Release|x64.ActiveCfg = Release|x64
		{4ED5DBAD-F3AB-4818-A8ED-48809D2D01E8}.Release|x64.Build.0 = Release|x64
		{014D5847-39F5-4660-B385-82EDFBA06CD9}.Debug|x64.ActiveCfg = Debug|x64
		{014D5847-39F5-4660-B385-82EDFBA06CD9}.Debug|x64.Build.0 = Debug|x64
		{014D5847-39F5-4660-B385-82EDFBA06CD9}.Release|x64.ActiveCfg = Release|x64
		{014D5847-39F5-4660-B385-82EDFBA06CD9}.Release|x64.Build.0 = Release|x64
		{BA2E8FE4-2970-40D4-BA55-5415E84C7B50}.Debug|x64.ActiveCfg = Debug|x64
		{BA2E8FE4-2970-40D4-BA55-5415E84C7B50}.Debug|x64.Build.0 = Debug|x64
		{BA2E8FE4-2970-40D4-BA55-5415E84C7B50}.Release|x64.ActiveCfg = Release|x64
		{BA2E8FE4-2970-40D4-BA55-5415E84C7B50}.Release|x64.Build.0 = Release|x64
		{F6E091C3-9136-4058-91CF-57CDF383DF74}.Debug|x64.ActiveCfg = Debug|x64
		{F6E091C3-9136-4058-91CF-57CDF383DF74}.Debug|x64.Build.0 = Debug|x64
		{F6E091C3-9136-4058-91CF-57CDF383DF74}.Release|x64.ActiveCfg = Release|x64
		{F6E091C3-9136-4058-91CF-57CDF383DF74}.Release|x64.Build.0 = Release|x64
		{E93A1CC5-C164-4C4D-8314-A35B4B3AF633}.Debug|x64.ActiveCfg = Debug|x64
		{E93A1CC5-C164-4C4D-8314-A35B4B3AF633}.Debug|x64.Build.0 = Debug|x64
		{E93A1CC5-C164-4C4D-8314-A35B4B3AF633}.Release|x64.ActiveCfg = Release|x64
		{E93A1CC5-C164-4C4D-8314-A35B4B3AF633}.Release|x64.Build.0 = Release|x64
		{C6FF32EC-DCB6-4684-ACB5-4D8A9B6BB590}.Debug|x64.ActiveCfg = Debug|x64
		{C6FF32EC-DCB6-4684-ACB5-4D8A9B6BB590}.Debug|x64.Build.0 = Debug|x64
		{C6FF32EC-DCB6-4684-ACB5-4D8A9B6BB590}.Release|x64.ActiveCfg = Release|x64
		{C6FF32EC-DCB6-4684-ACB5-4D8A9B6BB590}.Release|x64.Build.0 = Release|x64
		{997C67FC-4571-4DAC-8C2F-9BB62756AFFA}.Debug|x64.ActiveCfg = Debug|x64
		{997C67FC-4571-4DAC-8C2F-9BB62756AFFA}.Debug|x64.Build.0 = Debug|x64
		{997C67FC-4571-4DAC-8C2F-9BB62756AFFA}.Release|x64.ActiveCfg = Release|x64
		{997C67FC-4571-4DAC-8C2F-9BB62756AFFA}.Release|x64.Build.0 = Release|x64
		{BD88FA2D-1F61-4107-8113-8D78FB5697F3}.Debug|x64.ActiveCfg = Debug|x64
		{BD88FA2D-1F61-4107-8113-8D78FB5697F3}.Debug|x64.Build.0 = Debug|x64
		{BD88FA2D-1F61-4107-8113-8D78FB5697F3}.Release|x64.ActiveCfg = Release|x64
		{BD88FA2D-1F61-4107-8113-8D78FB5697F3}.Release|x64.Build.0 = Release|x64
	EndGlobalSection
	GlobalSection(SolutionProperties) = preSolution
		HideSolutionNode = FALSE
	EndGlobalSection
	GlobalSection(NestedProjects) = preSolution
		{F416C4C3-250D-48F3-822C-1C589E8F851C} = {861D6F40-D3CE-46CF-B8AD-0215B9F38BE1}
		{A01358E6-D5E1-44B5-948A-45709D2421A5} = {861D6F40-D3CE-46CF-B8AD-0215B9F38BE1}
		{4ED5DBAD-F3AB-4818-A8ED-48809D2D01E8} = {861D6F40-D3CE-46CF-B8AD-0215B9F38BE1}
		{014D5847-39F5-4660-B385-82EDFBA06CD9} = {861D6F40-D3CE-46CF-B8AD-0215B9F38BE1}
		{BA2E8FE4-2970-40D4-BA55-5415E84C7B50} = {861D6F40-D3CE-46CF-B8AD-0215B9F38BE1}
		{F6E091C3-9136-4058-91CF-57CDF383DF74} = {861D6F40-D3CE-46CF-B8AD-0215B9F38BE1}
		{E93A1CC5-C164-4C4D-8314-A35B4B3AF633} = {8B80B63B-5107-4845-9F19-647CFA7911A3}
		{C6FF32EC-DCB6-4684-ACB5-4D8A9B6BB590} = {8B80B63B-5107-4845-9F19-647CFA7911A3}
		{997C67FC-4571-4DAC-8C2F-9BB62756AFFA} = {8B80B63B-5107-4845-9F19-647CFA7911A3}
		{BD88FA2D-1F61-4107-8113-8D78FB5697F3} = {8B80B63B-5107-4845-9F19-647CFA7911A3}
	EndGlobalSection
	GlobalSection(ExtensibilityGlobals) = postSolution
		SolutionGuid = {8CC7D7F7-CBD9-428B-A190-7A4D56C920FE}
	EndGlobalSection
EndGlobal
